dependencies:
- name: elasticsearch
  repository: https://helm.elastic.co
  version: 7.5.0
- name: kibana
  repository: https://helm.elastic.co
  version: 7.5.0
- name: metricbeat
  repository: https://helm.elastic.co
  version: 7.5.0
- name: filebeat
  repository: https://helm.elastic.co
  version: 7.5.0
digest: sha256:074ef8ae15898f0ade998ade03f1458947da1ecdb6416900853bafe05841d842
generated: "2019-12-11T13:15:51.580236+02:00"
