dependencies:
- name: elasticsearch
  repository: https://helm.elastic.co
  version: 7.5.0
- name: kibana
  repository: https://helm.elastic.co
  version: 7.5.0
- name: metricbeat
  repository: https://helm.elastic.co
  version: 7.5.0
digest: sha256:0a50d7d79084b5240a36cfdda66fb9f7919cf884697e331d5d6b5c1c94a33f32
generated: "2019-12-06T15:35:52.995791+02:00"
